{
  "name": "asyncapi-kotlin-kafka-template",
  "version": "1.0",
  "lockfileVersion": 3,
  "requires": true,
  "packages": {
    "": {
      "name": "asyncapi-kotlin-kafka-template",
      "version": "1.0",
      "dependencies": {
        "@asyncapi/generator-filters": "^2.1.0",
        "@asyncapi/generator-hooks": "^0.1.0",
        "lodash": "^4.17.21",
        "nunjucks": "^3.2.4"
      }
    },
    "node_modules/@asyncapi/generator-filters": {
      "version": "2.1.0",
      "resolved": "https://registry.npmjs.org/@asyncapi/generator-filters/-/generator-filters-2.1.0.tgz",
      "integrity": "sha512-OZcz8VjivvNvofEunGL+SO5M9Sq8CczNNyuBhdDzAhmdBxRPCswnliDFuHK+ZJ6XA/JgSfx2zN3H2uwzPajIgw==",
      "deprecated": "Now part of @asyncapi/generator as of v2.1.0. Details: https://github.com/asyncapi/generator/releases/tag/@asyncapi/generator@2.1.0",
      "license": "Apache-2.0",
      "dependencies": {
        "lodash": "^4.17.15",
        "markdown-it": "^10.0.0",
        "openapi-sampler": "1.0.0-beta.17"
      }
    },
    "node_modules/@asyncapi/generator-hooks": {
      "version": "0.1.0",
      "resolved": "https://registry.npmjs.org/@asyncapi/generator-hooks/-/generator-hooks-0.1.0.tgz",
      "integrity": "sha512-cTfwiXNrNE4Z5ZkbLyX4jCAnJEQgTXpPRhSzTpt08R3Md+2tO8CMQWo4B4C8fSSy3M4aBWePJ4bbILOEqduvUg==",
      "deprecated": "Hooks are now part of generator repository and also out of the box integrated with the generator, so no need to set it as dependency any more: https://github.com/asyncapi/generator/releases/tag/%40asyncapi%2Fgenerator%402.5.0",
      "license": "Apache-2.0",
      "dependencies": {
        "fs.extra": "^1.3.2"
      }
    },
    "node_modules/a-sync-waterfall": {
      "version": "1.0.1",
      "resolved": "https://registry.npmjs.org/a-sync-waterfall/-/a-sync-waterfall-1.0.1.tgz",
      "integrity": "sha512-RYTOHHdWipFUliRFMCS4X2Yn2X8M87V/OpSqWzKKOGhzqyUxzyVmhHDH9sAvG+ZuQf/TAOFsLCpMw09I1ufUnA==",
      "license": "MIT"
    },
    "node_modules/argparse": {
      "version": "1.0.10",
      "resolved": "https://registry.npmjs.org/argparse/-/argparse-1.0.10.tgz",
      "integrity": "sha512-o5Roy6tNG4SL/FOkCAN6RzjiakZS25RLYFrcMttJqbdd8BWrnA+fGz57iN5Pb06pvBGvl5gQ0B48dJlslXvoTg==",
      "license": "MIT",
      "dependencies": {
        "sprintf-js": "~1.0.2"
      }
    },
    "node_modules/asap": {
      "version": "2.0.6",
      "resolved": "https://registry.npmjs.org/asap/-/asap-2.0.6.tgz",
      "integrity": "sha512-BSHWgDSAiKs50o2Re8ppvp3seVHXSRM44cdSsT9FfNEUUZLOGWVCsiWaRPWM1Znn+mqZ1OfVZ3z3DWEzSp7hRA==",
      "license": "MIT"
    },
    "node_modules/commander": {
      "version": "5.1.0",
      "resolved": "https://registry.npmjs.org/commander/-/commander-5.1.0.tgz",
      "integrity": "sha512-P0CysNDQ7rtVw4QIQtm+MRxV66vKFSvlsQvGYXZWR3qFU0jlMKHZZZgw8e+8DSah4UDKMqnknRDQz+xuQXQ/Zg==",
      "license": "MIT",
      "engines": {
        "node": ">= 6"
      }
    },
    "node_modules/entities": {
      "version": "2.0.3",
      "resolved": "https://registry.npmjs.org/entities/-/entities-2.0.3.tgz",
      "integrity": "sha512-MyoZ0jgnLvB2X3Lg5HqpFmn1kybDiIfEQmKzTb5apr51Rb+T3KdmMiqa70T+bhGnyv7bQ6WMj2QMHpGMmlrUYQ==",
      "license": "BSD-2-Clause"
    },
    "node_modules/foreach": {
      "version": "2.0.6",
      "resolved": "https://registry.npmjs.org/foreach/-/foreach-2.0.6.tgz",
      "integrity": "sha512-k6GAGDyqLe9JaebCsFCoudPPWfihKu8pylYXRlqP1J7ms39iPoTtk2fviNglIeQEwdh0bQeKJ01ZPyuyQvKzwg==",
      "license": "MIT"
    },
    "node_modules/foreachasync": {
      "version": "3.0.0",
      "resolved": "https://registry.npmjs.org/foreachasync/-/foreachasync-3.0.0.tgz",
      "integrity": "sha512-J+ler7Ta54FwwNcx6wQRDhTIbNeyDcARMkOcguEqnEdtm0jKvN3Li3PDAb2Du3ubJYEWfYL83XMROXdsXAXycw==",
      "license": "Apache2"
    },
    "node_modules/fs-extra": {
      "version": "0.6.4",
      "resolved": "https://registry.npmjs.org/fs-extra/-/fs-extra-0.6.4.tgz",
      "integrity": "sha512-5rU898vl/Z948L+kkJedbmo/iltzmiF5bn/eEk0j/SgrPpI+Ydau9xlJPicV7Av2CHYBGz5LAlwTnBU80j1zPQ==",
      "dependencies": {
        "jsonfile": "~1.0.1",
        "mkdirp": "0.3.x",
        "ncp": "~0.4.2",
        "rimraf": "~2.2.0"
      }
    },
    "node_modules/fs.extra": {
      "version": "1.3.2",
      "resolved": "https://registry.npmjs.org/fs.extra/-/fs.extra-1.3.2.tgz",
      "integrity": "sha512-Ig401VXtyrWrz23k9KxAx9OrnL8AHSLNhQ8YJH2wSYuH0ZUfxwBeY6zXkd/oOyVRFTlpEu/0n5gHeuZt7aqbkw==",
      "dependencies": {
        "fs-extra": "~0.6.1",
        "mkdirp": "~0.3.5",
        "walk": "^2.3.9"
      },
      "engines": {
        "node": "*"
      }
    },
    "node_modules/json-pointer": {
      "version": "0.6.2",
      "resolved": "https://registry.npmjs.org/json-pointer/-/json-pointer-0.6.2.tgz",
      "integrity": "sha512-vLWcKbOaXlO+jvRy4qNd+TI1QUPZzfJj1tpJ3vAXDych5XJf93ftpUKe5pKCrzyIIwgBJcOcCVRUfqQP25afBw==",
      "license": "MIT",
      "dependencies": {
        "foreach": "^2.0.4"
      }
    },
    "node_modules/jsonfile": {
      "version": "1.0.1",
      "resolved": "https://registry.npmjs.org/jsonfile/-/jsonfile-1.0.1.tgz",
      "integrity": "sha512-KbsDJNRfRPF5v49tMNf9sqyyGqGLBcz1v5kZT01kG5ns5mQSltwxCKVmUzVKtEinkUnTDtSrp6ngWpV7Xw0ZlA=="
    },
    "node_modules/linkify-it": {
      "version": "2.2.0",
      "resolved": "https://registry.npmjs.org/linkify-it/-/linkify-it-2.2.0.tgz",
      "integrity": "sha512-GnAl/knGn+i1U/wjBz3akz2stz+HrHLsxMwHQGofCDfPvlf+gDKN58UtfmUquTY4/MXeE2x7k19KQmeoZi94Iw==",
      "license": "MIT",
      "dependencies": {
        "uc.micro": "^1.0.1"
      }
    },
    "node_modules/lodash": {
      "version": "4.17.21",
      "resolved": "https://registry.npmjs.org/lodash/-/lodash-4.17.21.tgz",
      "integrity": "sha512-v2kDEe57lecTulaDIuNTPy3Ry4gLGJ6Z1O3vE1krgXZNrsQ+LFTGHVxVjcXPs17LhbZVGedAJv8XZ1tvj5FvSg==",
      "license": "MIT"
    },
    "node_modules/markdown-it": {
      "version": "10.0.0",
      "resolved": "https://registry.npmjs.org/markdown-it/-/markdown-it-10.0.0.tgz",
      "integrity": "sha512-YWOP1j7UbDNz+TumYP1kpwnP0aEa711cJjrAQrzd0UXlbJfc5aAq0F/PZHjiioqDC1NKgvIMX+o+9Bk7yuM2dg==",
      "license": "MIT",
      "dependencies": {
        "argparse": "^1.0.7",
        "entities": "~2.0.0",
        "linkify-it": "^2.0.0",
        "mdurl": "^1.0.1",
        "uc.micro": "^1.0.5"
      },
      "bin": {
        "markdown-it": "bin/markdown-it.js"
      }
    },
    "node_modules/mdurl": {
      "version": "1.0.1",
      "resolved": "https://registry.npmjs.org/mdurl/-/mdurl-1.0.1.tgz",
      "integrity": "sha512-/sKlQJCBYVY9Ers9hqzKou4H6V5UWc/M59TH2dvkt+84itfnq7uFOMLpOiOS4ujvHP4etln18fmIxA5R5fll0g==",
      "license": "MIT"
    },
    "node_modules/mkdirp": {
      "version": "0.3.5",
      "resolved": "https://registry.npmjs.org/mkdirp/-/mkdirp-0.3.5.tgz",
      "integrity": "sha512-8OCq0De/h9ZxseqzCH8Kw/Filf5pF/vMI6+BH7Lu0jXz2pqYCjTAQRolSxRIi+Ax+oCCjlxoJMP0YQ4XlrQNHg==",
      "deprecated": "Legacy versions of mkdirp are no longer supported. Please update to mkdirp 1.x. (Note that the API surface has changed to use Promises in 1.x.)",
      "license": "MIT"
    },
    "node_modules/ncp": {
      "version": "0.4.2",
      "resolved": "https://registry.npmjs.org/ncp/-/ncp-0.4.2.tgz",
      "integrity": "sha512-PfGU8jYWdRl4FqJfCy0IzbkGyFHntfWygZg46nFk/dJD/XRrk2cj0SsKSX9n5u5gE0E0YfEpKWrEkfjnlZSTXA==",
      "license": "MIT",
      "bin": {
        "ncp": "bin/ncp"
      }
    },
    "node_modules/nunjucks": {
      "version": "3.2.4",
      "resolved": "https://registry.npmjs.org/nunjucks/-/nunjucks-3.2.4.tgz",
      "integrity": "sha512-26XRV6BhkgK0VOxfbU5cQI+ICFUtMLixv1noZn1tGU38kQH5A5nmmbk/O45xdyBhD1esk47nKrY0mvQpZIhRjQ==",
      "license": "BSD-2-Clause",
      "dependencies": {
        "a-sync-waterfall": "^1.0.0",
        "asap": "^2.0.3",
        "commander": "^5.1.0"
      },
      "bin": {
        "nunjucks-precompile": "bin/precompile"
      },
      "engines": {
        "node": ">= 6.9.0"
      },
      "peerDependencies": {
        "chokidar": "^3.3.0"
      },
      "peerDependenciesMeta": {
        "chokidar": {
          "optional": true
        }
      }
    },
    "node_modules/openapi-sampler": {
      "version": "1.0.0-beta.17",
      "resolved": "https://registry.npmjs.org/openapi-sampler/-/openapi-sampler-1.0.0-beta.17.tgz",
      "integrity": "sha512-xYGPaPaEQFFAGQVrRpunkb8loNfL1rq4fJ+q7NH+LVBsrHKGUicD2f5Rzw6fWcRwwcOvnKD/aik9guiNWq2kpA==",
      "license": "MIT",
      "dependencies": {
        "json-pointer": "^0.6.0"
      }
    },
    "node_modules/rimraf": {
      "version": "2.2.8",
      "resolved": "https://registry.npmjs.org/rimraf/-/rimraf-2.2.8.tgz",
      "integrity": "sha512-R5KMKHnPAQaZMqLOsyuyUmcIjSeDm+73eoqQpaXA7AZ22BL+6C+1mcUscgOsNd8WVlJuvlgAPsegcx7pjlV0Dg==",
      "deprecated": "Rimraf versions prior to v4 are no longer supported",
      "license": "MIT",
      "bin": {
        "rimraf": "bin.js"
      }
    },
    "node_modules/sprintf-js": {
      "version": "1.0.3",
      "resolved": "https://registry.npmjs.org/sprintf-js/-/sprintf-js-1.0.3.tgz",
      "integrity": "sha512-D9cPgkvLlV3t3IzL0D0YLvGA9Ahk4PcvVwUbN0dSGr1aP0Nrt4AEnTUbuGvquEC0mA64Gqt1fzirlRs5ibXx8g==",
      "license": "BSD-3-Clause"
    },
    "node_modules/uc.micro": {
      "version": "1.0.6",
      "resolved": "https://registry.npmjs.org/uc.micro/-/uc.micro-1.0.6.tgz",
      "integrity": "sha512-8Y75pvTYkLJW2hWQHXxoqRgV7qb9B+9vFEtidML+7koHUFapnVJAZ6cKs+Qjz5Aw3aZWHMC6u0wJE3At+nSGwA==",
      "license": "MIT"
    },
    "node_modules/walk": {
      "version": "2.3.15",
      "resolved": "https://registry.npmjs.org/walk/-/walk-2.3.15.tgz",
      "integrity": "sha512-4eRTBZljBfIISK1Vnt69Gvr2w/wc3U6Vtrw7qiN5iqYJPH7LElcYh/iU4XWhdCy2dZqv1ToMyYlybDylfG/5Vg==",
      "license": "(MIT OR Apache-2.0)",
      "dependencies": {
        "foreachasync": "^3.0.0"
      }
    }
  }
}
